// !$*UTF8*$!
{
	archiveVersion = 1;
	classes = {
	};
	objectVersion = 77;
	objects = {

/* Begin PBXBuildFile section */
		02FC9E991D4019060AA29FAA /* ClockContinuity.swift in Sources */ = {isa = PBXBuildFile; fileRef = B6480423992CBD0AAE339C72 /* ClockContinuity.swift */; };
		0B8B52D8A0B9948DB81657C9 /* AppStore.swift in Sources */ = {isa = PBXBuildFile; fileRef = 79A5215FE2905F07DF081F2B /* AppStore.swift */; };
		0CAFC7FB2A79ED4B6A077FA1 /* TimeEntryView.swift in Sources */ = {isa = PBXBuildFile; fileRef = 3AFD3CB7D13471E075B6D931 /* TimeEntryView.swift */; };
		0DCD161EB94F521B89541D1A /* ReadingPrefill.swift in Sources */ = {isa = PBXBuildFile; fileRef = 8FA7AABE6A7CB8712E634D42 /* ReadingPrefill.swift */; };
		113BD8B0A90280EFAC043367 /* ICloudDriveSync.swift in Sources */ = {isa = PBXBuildFile; fileRef = 4ED461BF7035810BEBC552FE /* ICloudDriveSync.swift */; };
		5647EA0BCFF9FC69EEE6989D /* CoverChooser.swift in Sources */ = {isa = PBXBuildFile; fileRef = 80BD647E765E21B47E58F164 /* CoverChooser.swift */; };
		611D0C200EBFAA562B84623E /* SettingsView.swift in Sources */ = {isa = PBXBuildFile; fileRef = 9D5ED202DD3183805D94FF74 /* SettingsView.swift */; };
		62BBACAF2163BD70FE3B8F89 /* CloudLibrary.swift in Sources */ = {isa = PBXBuildFile; fileRef = 886931D719A30626DA2C3BA9 /* CloudLibrary.swift */; };
		63F6CC025AC3094F55570804 /* WatchStatisticsView.swift in Sources */ = {isa = PBXBuildFile; fileRef = 6D0D6251D3DC8947B816B911 /* WatchStatisticsView.swift */; };
		65FE331A31BC920C289B820A /* PrivacyInfo.xcprivacy in Resources */ = {isa = PBXBuildFile; fileRef = 52C8068B89573FAE04C4F59B /* PrivacyInfo.xcprivacy */; };
		6E88F42501FF692878365C60 /* Theme.swift in Sources */ = {isa = PBXBuildFile; fileRef = F25109B7458B1302D75D9637 /* Theme.swift */; };
		6F9A330F5A7D5059FCA75A97 /* SimulatorFixture.swift in Sources */ = {isa = PBXBuildFile; fileRef = DD2708C527F6BC091F219851 /* SimulatorFixture.swift */; };
		7A9E98184854EABAA8EDE131 /* TimeWheelMath.swift in Sources */ = {isa = PBXBuildFile; fileRef = 9533FC85C2EA580DFCDA035C /* TimeWheelMath.swift */; };
		85207836E0EEBDF3420DCC75 /* ICloudSettingsSection.swift in Sources */ = {isa = PBXBuildFile; fileRef = B0BAB5DFE9D6D1C237F31F3F /* ICloudSettingsSection.swift */; };
		8580387DF3709EF3A74BF54E /* CyclicTimePicker.swift in Sources */ = {isa = PBXBuildFile; fileRef = 303707E815D4CD726CC19AF3 /* CyclicTimePicker.swift */; };
		9355DF8E1651D1C3C513142E /* RunsView.swift in Sources */ = {isa = PBXBuildFile; fileRef = 606753787C93C385F556858B /* RunsView.swift */; };
		9919255AA836B07B13F15021 /* OvercoilApp.swift in Sources */ = {isa = PBXBuildFile; fileRef = 852D20F1EDC4EEF77BBC258F /* OvercoilApp.swift */; };
		9DEE17760C8E79F9A507BD23 /* OvercoilUITests.swift in Sources */ = {isa = PBXBuildFile; fileRef = 71A93EFACFE43AE0026FDE0F /* OvercoilUITests.swift */; };
		A07670C7E7BA2394D7B4BFED /* Assets.xcassets in Resources */ = {isa = PBXBuildFile; fileRef = C0C372427E9D63D2799FFA48 /* Assets.xcassets */; };
		A8809520675A32B383306474 /* CaptureService.swift in Sources */ = {isa = PBXBuildFile; fileRef = 72ECC694DF3DE8CA2C6C014A /* CaptureService.swift */; };
		B0D92E00477C202CAD648743 /* WatchBoxView.swift in Sources */ = {isa = PBXBuildFile; fileRef = BAFE9E19C8056395586DD499 /* WatchBoxView.swift */; };
		B690154D466525F6F93CCB17 /* WatchStatistics.swift in Sources */ = {isa = PBXBuildFile; fileRef = F1D4B02657D869F53BD80A76 /* WatchStatistics.swift */; };
		B77F1DA20C0FCF1801CC199E /* CameraView.swift in Sources */ = {isa = PBXBuildFile; fileRef = 2A0D3BE01C1529D69F1DC8CF /* CameraView.swift */; };
		E32AB392EDD11D637A5C80A6 /* Models.swift in Sources */ = {isa = PBXBuildFile; fileRef = CF2988997690DCF8411B3AD8 /* Models.swift */; };
		EDBBA49DEE8F0766D450D310 /* Repository.swift in Sources */ = {isa = PBXBuildFile; fileRef = 007CAE196BB32DC0573325D1 /* Repository.swift */; };
/* End PBXBuildFile section */

/* Begin PBXContainerItemProxy section */
		3CE464D3290CC642A0F15BCD /* PBXContainerItemProxy */ = {
			isa = PBXContainerItemProxy;
			containerPortal = AFA6ED310A97D069E032F952 /* Project object */;
			proxyType = 1;
			remoteGlobalIDString = 05E719488D41DC63F7F6526C;
			remoteInfo = Overcoil;
		};
/* End PBXContainerItemProxy section */

/* Begin PBXFileReference section */
		007CAE196BB32DC0573325D1 /* Repository.swift */ = {isa = PBXFileReference; lastKnownFileType = sourcecode.swift; path = Repository.swift; sourceTree = "<group>"; };
		2A0D3BE01C1529D69F1DC8CF /* CameraView.swift */ = {isa = PBXFileReference; lastKnownFileType = sourcecode.swift; path = CameraView.swift; sourceTree = "<group>"; };
		303707E815D4CD726CC19AF3 /* CyclicTimePicker.swift */ = {isa = PBXFileReference; lastKnownFileType = sourcecode.swift; path = CyclicTimePicker.swift; sourceTree = "<group>"; };
		30F854A01140B5E796798D08 /* Overcoil.app */ = {isa = PBXFileReference; includeInIndex = 0; lastKnownFileType = wrapper.application; path = Overcoil.app; sourceTree = BUILT_PRODUCTS_DIR; };
		3AFD3CB7D13471E075B6D931 /* TimeEntryView.swift */ = {isa = PBXFileReference; lastKnownFileType = sourcecode.swift; path = TimeEntryView.swift; sourceTree = "<group>"; };
		4ED461BF7035810BEBC552FE /* ICloudDriveSync.swift */ = {isa = PBXFileReference; lastKnownFileType = sourcecode.swift; path = ICloudDriveSync.swift; sourceTree = "<group>"; };
		52C8068B89573FAE04C4F59B /* PrivacyInfo.xcprivacy */ = {isa = PBXFileReference; path = PrivacyInfo.xcprivacy; sourceTree = "<group>"; };
		530CAB3E59A96763A7F37AB5 /* Overcoil.entitlements */ = {isa = PBXFileReference; lastKnownFileType = text.plist.entitlements; path = Overcoil.entitlements; sourceTree = "<group>"; };
		606753787C93C385F556858B /* RunsView.swift */ = {isa = PBXFileReference; lastKnownFileType = sourcecode.swift; path = RunsView.swift; sourceTree = "<group>"; };
		6D0D6251D3DC8947B816B911 /* WatchStatisticsView.swift */ = {isa = PBXFileReference; lastKnownFileType = sourcecode.swift; path = WatchStatisticsView.swift; sourceTree = "<group>"; };
		71A93EFACFE43AE0026FDE0F /* OvercoilUITests.swift */ = {isa = PBXFileReference; lastKnownFileType = sourcecode.swift; path = OvercoilUITests.swift; sourceTree = "<group>"; };
		72ECC694DF3DE8CA2C6C014A /* CaptureService.swift */ = {isa = PBXFileReference; lastKnownFileType = sourcecode.swift; path = CaptureService.swift; sourceTree = "<group>"; };
		79A5215FE2905F07DF081F2B /* AppStore.swift */ = {isa = PBXFileReference; lastKnownFileType = sourcecode.swift; path = AppStore.swift; sourceTree = "<group>"; };
		80BD647E765E21B47E58F164 /* CoverChooser.swift */ = {isa = PBXFileReference; lastKnownFileType = sourcecode.swift; path = CoverChooser.swift; sourceTree = "<group>"; };
		852D20F1EDC4EEF77BBC258F /* OvercoilApp.swift */ = {isa = PBXFileReference; lastKnownFileType = sourcecode.swift; path = OvercoilApp.swift; sourceTree = "<group>"; };
		886931D719A30626DA2C3BA9 /* CloudLibrary.swift */ = {isa = PBXFileReference; lastKnownFileType = sourcecode.swift; path = CloudLibrary.swift; sourceTree = "<group>"; };
		8FA7AABE6A7CB8712E634D42 /* ReadingPrefill.swift */ = {isa = PBXFileReference; lastKnownFileType = sourcecode.swift; path = ReadingPrefill.swift; sourceTree = "<group>"; };
		9533FC85C2EA580DFCDA035C /* TimeWheelMath.swift */ = {isa = PBXFileReference; lastKnownFileType = sourcecode.swift; path = TimeWheelMath.swift; sourceTree = "<group>"; };
		9D5ED202DD3183805D94FF74 /* SettingsView.swift */ = {isa = PBXFileReference; lastKnownFileType = sourcecode.swift; path = SettingsView.swift; sourceTree = "<group>"; };
		B0BAB5DFE9D6D1C237F31F3F /* ICloudSettingsSection.swift */ = {isa = PBXFileReference; lastKnownFileType = sourcecode.swift; path = ICloudSettingsSection.swift; sourceTree = "<group>"; };
		B6480423992CBD0AAE339C72 /* ClockContinuity.swift */ = {isa = PBXFileReference; lastKnownFileType = sourcecode.swift; path = ClockContinuity.swift; sourceTree = "<group>"; };
		BAFE9E19C8056395586DD499 /* WatchBoxView.swift */ = {isa = PBXFileReference; lastKnownFileType = sourcecode.swift; path = WatchBoxView.swift; sourceTree = "<group>"; };
		C0C372427E9D63D2799FFA48 /* Assets.xcassets */ = {isa = PBXFileReference; lastKnownFileType = folder.assetcatalog; path = Assets.xcassets; sourceTree = "<group>"; };
		CF2988997690DCF8411B3AD8 /* Models.swift */ = {isa = PBXFileReference; lastKnownFileType = sourcecode.swift; path = Models.swift; sourceTree = "<group>"; };
		DD2708C527F6BC091F219851 /* SimulatorFixture.swift */ = {isa = PBXFileReference; lastKnownFileType = sourcecode.swift; path = SimulatorFixture.swift; sourceTree = "<group>"; };
		F1D4B02657D869F53BD80A76 /* WatchStatistics.swift */ = {isa = PBXFileReference; lastKnownFileType = sourcecode.swift; path = WatchStatistics.swift; sourceTree = "<group>"; };
		F25109B7458B1302D75D9637 /* Theme.swift */ = {isa = PBXFileReference; lastKnownFileType = sourcecode.swift; path = Theme.swift; sourceTree = "<group>"; };
		FB57E4D5F546FC4F7E268DDA /* OvercoilUITests.xctest */ = {isa = PBXFileReference; includeInIndex = 0; lastKnownFileType = wrapper.cfbundle; path = OvercoilUITests.xctest; sourceTree = BUILT_PRODUCTS_DIR; };
/* End PBXFileReference section */

/* Begin PBXGroup section */
		15C0601EB5B632FEFCD16DC1 /* Views */ = {
			isa = PBXGroup;
			children = (
				2A0D3BE01C1529D69F1DC8CF /* CameraView.swift */,
				80BD647E765E21B47E58F164 /* CoverChooser.swift */,
				303707E815D4CD726CC19AF3 /* CyclicTimePicker.swift */,
				B0BAB5DFE9D6D1C237F31F3F /* ICloudSettingsSection.swift */,
				606753787C93C385F556858B /* RunsView.swift */,
				9D5ED202DD3183805D94FF74 /* SettingsView.swift */,
				F25109B7458B1302D75D9637 /* Theme.swift */,
				3AFD3CB7D13471E075B6D931 /* TimeEntryView.swift */,
				BAFE9E19C8056395586DD499 /* WatchBoxView.swift */,
				6D0D6251D3DC8947B816B911 /* WatchStatisticsView.swift */,
			);
			path = Views;
			sourceTree = "<group>";
		};
		2985FD687727059156A17E26 /* Core */ = {
			isa = PBXGroup;
			children = (
				B6480423992CBD0AAE339C72 /* ClockContinuity.swift */,
				886931D719A30626DA2C3BA9 /* CloudLibrary.swift */,
				CF2988997690DCF8411B3AD8 /* Models.swift */,
				8FA7AABE6A7CB8712E634D42 /* ReadingPrefill.swift */,
				007CAE196BB32DC0573325D1 /* Repository.swift */,
				9533FC85C2EA580DFCDA035C /* TimeWheelMath.swift */,
				F1D4B02657D869F53BD80A76 /* WatchStatistics.swift */,
			);
			path = Core;
			sourceTree = "<group>";
		};
		43BAF020D118D5DAB869D3A9 /* Overcoil */ = {
			isa = PBXGroup;
			children = (
				C0C372427E9D63D2799FFA48 /* Assets.xcassets */,
				530CAB3E59A96763A7F37AB5 /* Overcoil.entitlements */,
				852D20F1EDC4EEF77BBC258F /* OvercoilApp.swift */,
				52C8068B89573FAE04C4F59B /* PrivacyInfo.xcprivacy */,
				2985FD687727059156A17E26 /* Core */,
				73ACBC2C650218ECF0A3A064 /* Services */,
				15C0601EB5B632FEFCD16DC1 /* Views */,
			);
			path = Overcoil;
			sourceTree = "<group>";
		};
		73ACBC2C650218ECF0A3A064 /* Services */ = {
			isa = PBXGroup;
			children = (
				79A5215FE2905F07DF081F2B /* AppStore.swift */,
				72ECC694DF3DE8CA2C6C014A /* CaptureService.swift */,
				4ED461BF7035810BEBC552FE /* ICloudDriveSync.swift */,
				DD2708C527F6BC091F219851 /* SimulatorFixture.swift */,
			);
			path = Services;
			sourceTree = "<group>";
		};
		D91464764F73096A2D1B0797 /* Products */ = {
			isa = PBXGroup;
			children = (
				30F854A01140B5E796798D08 /* Overcoil.app */,
				FB57E4D5F546FC4F7E268DDA /* OvercoilUITests.xctest */,
			);
			name = Products;
			sourceTree = "<group>";
		};
		EEC3B92FA197D03FD9E8C996 /* OvercoilUITests */ = {
			isa = PBXGroup;
			children = (
				71A93EFACFE43AE0026FDE0F /* OvercoilUITests.swift */,
			);
			path = OvercoilUITests;
			sourceTree = "<group>";
		};
		F873FF05CB2B1E3DA2BD2631 = {
			isa = PBXGroup;
			children = (
				43BAF020D118D5DAB869D3A9 /* Overcoil */,
				EEC3B92FA197D03FD9E8C996 /* OvercoilUITests */,
				D91464764F73096A2D1B0797 /* Products */,
			);
			sourceTree = "<group>";
		};
/* End PBXGroup section */

/* Begin PBXNativeTarget section */
		05E719488D41DC63F7F6526C /* Overcoil */ = {
			isa = PBXNativeTarget;
			buildConfigurationList = FE6E0986BFFAD4B42C301573 /* Build configuration list for PBXNativeTarget "Overcoil" */;
			buildPhases = (
				499CE66F0F51373B8C8731AA /* Sources */,
				EAC3E6DCAB2C81B00A2D9F02 /* Resources */,
			);
			buildRules = (
			);
			dependencies = (
			);
			name = Overcoil;
			packageProductDependencies = (
			);
			productName = Overcoil;
			productReference = 30F854A01140B5E796798D08 /* Overcoil.app */;
			productType = "com.apple.product-type.application";
		};
		D4C32CE40038A64E4EE20EB0 /* OvercoilUITests */ = {
			isa = PBXNativeTarget;
			buildConfigurationList = 8B3FFE1AE14422D40EC6A2C6 /* Build configuration list for PBXNativeTarget "OvercoilUITests" */;
			buildPhases = (
				231BA06A95064CF9BF78CCFC /* Sources */,
			);
			buildRules = (
			);
			dependencies = (
				376DCF4CCF46EEA2B59FFF74 /* PBXTargetDependency */,
			);
			name = OvercoilUITests;
			packageProductDependencies = (
			);
			productName = OvercoilUITests;
			productReference = FB57E4D5F546FC4F7E268DDA /* OvercoilUITests.xctest */;
			productType = "com.apple.product-type.bundle.ui-testing";
		};
/* End PBXNativeTarget section */

/* Begin PBXProject section */
		AFA6ED310A97D069E032F952 /* Project object */ = {
			isa = PBXProject;
			attributes = {
				BuildIndependentTargetsInParallel = YES;
				LastUpgradeCheck = 1430;
				TargetAttributes = {
					05E719488D41DC63F7F6526C = {
						DevelopmentTeam = 3XLD352MG9;
						ProvisioningStyle = Automatic;
					};
					D4C32CE40038A64E4EE20EB0 = {
						DevelopmentTeam = 3XLD352MG9;
						ProvisioningStyle = Automatic;
						TestTargetID = 05E719488D41DC63F7F6526C;
					};
				};
			};
			buildConfigurationList = 7C44A8C92DF89DF8AA29D2D6 /* Build configuration list for PBXProject "Overcoil" */;
			developmentRegion = en;
			hasScannedForEncodings = 0;
			knownRegions = (
				Base,
				en,
			);
			mainGroup = F873FF05CB2B1E3DA2BD2631;
			minimizedProjectReferenceProxies = 1;
			preferredProjectObjectVersion = 77;
			productRefGroup = D91464764F73096A2D1B0797 /* Products */;
			projectDirPath = "";
			projectRoot = "";
			targets = (
				05E719488D41DC63F7F6526C /* Overcoil */,
				D4C32CE40038A64E4EE20EB0 /* OvercoilUITests */,
			);
		};
/* End PBXProject section */

/* Begin PBXResourcesBuildPhase section */
		EAC3E6DCAB2C81B00A2D9F02 /* Resources */ = {
			isa = PBXResourcesBuildPhase;
			buildActionMask = 2147483647;
			files = (
				A07670C7E7BA2394D7B4BFED /* Assets.xcassets in Resources */,
				65FE331A31BC920C289B820A /* PrivacyInfo.xcprivacy in Resources */,
			);
			runOnlyForDeploymentPostprocessing = 0;
		};
/* End PBXResourcesBuildPhase section */

/* Begin PBXSourcesBuildPhase section */
		231BA06A95064CF9BF78CCFC /* Sources */ = {
			isa = PBXSourcesBuildPhase;
			buildActionMask = 2147483647;
			files = (
				9DEE17760C8E79F9A507BD23 /* OvercoilUITests.swift in Sources */,
			);
			runOnlyForDeploymentPostprocessing = 0;
		};
		499CE66F0F51373B8C8731AA /* Sources */ = {
			isa = PBXSourcesBuildPhase;
			buildActionMask = 2147483647;
			files = (
				0B8B52D8A0B9948DB81657C9 /* AppStore.swift in Sources */,
				B77F1DA20C0FCF1801CC199E /* CameraView.swift in Sources */,
				A8809520675A32B383306474 /* CaptureService.swift in Sources */,
				02FC9E991D4019060AA29FAA /* ClockContinuity.swift in Sources */,
				62BBACAF2163BD70FE3B8F89 /* CloudLibrary.swift in Sources */,
				5647EA0BCFF9FC69EEE6989D /* CoverChooser.swift in Sources */,
				8580387DF3709EF3A74BF54E /* CyclicTimePicker.swift in Sources */,
				113BD8B0A90280EFAC043367 /* ICloudDriveSync.swift in Sources */,
				85207836E0EEBDF3420DCC75 /* ICloudSettingsSection.swift in Sources */,
				E32AB392EDD11D637A5C80A6 /* Models.swift in Sources */,
				9919255AA836B07B13F15021 /* OvercoilApp.swift in Sources */,
				0DCD161EB94F521B89541D1A /* ReadingPrefill.swift in Sources */,
				EDBBA49DEE8F0766D450D310 /* Repository.swift in Sources */,
				9355DF8E1651D1C3C513142E /* RunsView.swift in Sources */,
				611D0C200EBFAA562B84623E /* SettingsView.swift in Sources */,
				6F9A330F5A7D5059FCA75A97 /* SimulatorFixture.swift in Sources */,
				6E88F42501FF692878365C60 /* Theme.swift in Sources */,
				0CAFC7FB2A79ED4B6A077FA1 /* TimeEntryView.swift in Sources */,
				7A9E98184854EABAA8EDE131 /* TimeWheelMath.swift in Sources */,
				B0D92E00477C202CAD648743 /* WatchBoxView.swift in Sources */,
				B690154D466525F6F93CCB17 /* WatchStatistics.swift in Sources */,
				63F6CC025AC3094F55570804 /* WatchStatisticsView.swift in Sources */,
			);
			runOnlyForDeploymentPostprocessing = 0;
		};
/* End PBXSourcesBuildPhase section */

/* Begin PBXTargetDependency section */
		376DCF4CCF46EEA2B59FFF74 /* PBXTargetDependency */ = {
			isa = PBXTargetDependency;
			target = 05E719488D41DC63F7F6526C /* Overcoil */;
			targetProxy = 3CE464D3290CC642A0F15BCD /* PBXContainerItemProxy */;
		};
/* End PBXTargetDependency section */

/* Begin XCBuildConfiguration section */
		000ABA4714B21A053FBEF8CF /* Debug */ = {
			isa = XCBuildConfiguration;
			buildSettings = {
				BUNDLE_LOADER = "$(TEST_HOST)";
				GENERATE_INFOPLIST_FILE = YES;
				LD_RUNPATH_SEARCH_PATHS = (
					"$(inherited)",
					"@executable_path/Frameworks",
					"@loader_path/Frameworks",
				);
				PRODUCT_BUNDLE_IDENTIFIER = com.robbarry.overcoil.uitests;
				SDKROOT = iphoneos;
				TARGETED_DEVICE_FAMILY = 1;
				TEST_TARGET_NAME = Overcoil;
			};
			name = Debug;
		};
		10C2ADF540FE0ED4F0969386 /* Release */ = {
			isa = XCBuildConfiguration;
			buildSettings = {
				ALWAYS_SEARCH_USER_PATHS = NO;
				CLANG_ANALYZER_NONNULL = YES;
				CLANG_ANALYZER_NUMBER_OBJECT_CONVERSION = YES_AGGRESSIVE;
				CLANG_CXX_LANGUAGE_STANDARD = "gnu++14";
				CLANG_CXX_LIBRARY = "libc++";
				CLANG_ENABLE_MODULES = YES;
				CLANG_ENABLE_OBJC_ARC = YES;
				CLANG_ENABLE_OBJC_WEAK = YES;
				CLANG_WARN_BLOCK_CAPTURE_AUTORELEASING = YES;
				CLANG_WARN_BOOL_CONVERSION = YES;
				CLANG_WARN_COMMA = YES;
				CLANG_WARN_CONSTANT_CONVERSION = YES;
				CLANG_WARN_DEPRECATED_OBJC_IMPLEMENTATIONS = YES;
				CLANG_WARN_DIRECT_OBJC_ISA_USAGE = YES_ERROR;
				CLANG_WARN_DOCUMENTATION_COMMENTS = YES;
				CLANG_WARN_EMPTY_BODY = YES;
				CLANG_WARN_ENUM_CONVERSION = YES;
				CLANG_WARN_INFINITE_RECURSION = YES;
				CLANG_WARN_INT_CONVERSION = YES;
				CLANG_WARN_NON_LITERAL_NULL_CONVERSION = YES;
				CLANG_WARN_OBJC_IMPLICIT_RETAIN_SELF = YES;
				CLANG_WARN_OBJC_LITERAL_CONVERSION = YES;
				CLANG_WARN_OBJC_ROOT_CLASS = YES_ERROR;
				CLANG_WARN_QUOTED_INCLUDE_IN_FRAMEWORK_HEADER = YES;
				CLANG_WARN_RANGE_LOOP_ANALYSIS = YES;
				CLANG_WARN_STRICT_PROTOTYPES = YES;
				CLANG_WARN_SUSPICIOUS_MOVE = YES;
				CLANG_WARN_UNGUARDED_AVAILABILITY = YES_AGGRESSIVE;
				CLANG_WARN_UNREACHABLE_CODE = YES;
				CLANG_WARN__DUPLICATE_METHOD_MATCH = YES;
				CODE_SIGN_STYLE = Automatic;
				COPY_PHASE_STRIP = NO;
				CURRENT_PROJECT_VERSION = 9;
				DEBUG_INFORMATION_FORMAT = "dwarf-with-dsym";
				DEVELOPMENT_TEAM = 3XLD352MG9;
				ENABLE_NS_ASSERTIONS = NO;
				ENABLE_STRICT_OBJC_MSGSEND = YES;
				GCC_C_LANGUAGE_STANDARD = gnu11;
				GCC_NO_COMMON_BLOCKS = YES;
				GCC_WARN_64_TO_32_BIT_CONVERSION = YES;
				GCC_WARN_ABOUT_RETURN_TYPE = YES_ERROR;
				GCC_WARN_UNDECLARED_SELECTOR = YES;
				GCC_WARN_UNINITIALIZED_AUTOS = YES_AGGRESSIVE;
				GCC_WARN_UNUSED_FUNCTION = YES;
				GCC_WARN_UNUSED_VARIABLE = YES;
				IPHONEOS_DEPLOYMENT_TARGET = 18.0;
				MARKETING_VERSION = 0.1.0;
				MTL_ENABLE_DEBUG_INFO = NO;
				MTL_FAST_MATH = YES;
				PRODUCT_NAME = "$(TARGET_NAME)";
				SDKROOT = iphoneos;
				SWIFT_COMPILATION_MODE = wholemodule;
				SWIFT_OPTIMIZATION_LEVEL = "-O";
				SWIFT_VERSION = 6.0;
			};
			name = Release;
		};
		31E2F45E8EBCFF72900FC9C7 /* Debug */ = {
			isa = XCBuildConfiguration;
			buildSettings = {
				ALWAYS_SEARCH_USER_PATHS = NO;
				CLANG_ANALYZER_NONNULL = YES;
				CLANG_ANALYZER_NUMBER_OBJECT_CONVERSION = YES_AGGRESSIVE;
				CLANG_CXX_LANGUAGE_STANDARD = "gnu++14";
				CLANG_CXX_LIBRARY = "libc++";
				CLANG_ENABLE_MODULES = YES;
				CLANG_ENABLE_OBJC_ARC = YES;
				CLANG_ENABLE_OBJC_WEAK = YES;
				CLANG_WARN_BLOCK_CAPTURE_AUTORELEASING = YES;
				CLANG_WARN_BOOL_CONVERSION = YES;
				CLANG_WARN_COMMA = YES;
				CLANG_WARN_CONSTANT_CONVERSION = YES;
				CLANG_WARN_DEPRECATED_OBJC_IMPLEMENTATIONS = YES;
				CLANG_WARN_DIRECT_OBJC_ISA_USAGE = YES_ERROR;
				CLANG_WARN_DOCUMENTATION_COMMENTS = YES;
				CLANG_WARN_EMPTY_BODY = YES;
				CLANG_WARN_ENUM_CONVERSION = YES;
				CLANG_WARN_INFINITE_RECURSION = YES;
				CLANG_WARN_INT_CONVERSION = YES;
				CLANG_WARN_NON_LITERAL_NULL_CONVERSION = YES;
				CLANG_WARN_OBJC_IMPLICIT_RETAIN_SELF = YES;
				CLANG_WARN_OBJC_LITERAL_CONVERSION = YES;
				CLANG_WARN_OBJC_ROOT_CLASS = YES_ERROR;
				CLANG_WARN_QUOTED_INCLUDE_IN_FRAMEWORK_HEADER = YES;
				CLANG_WARN_RANGE_LOOP_ANALYSIS = YES;
				CLANG_WARN_STRICT_PROTOTYPES = YES;
				CLANG_WARN_SUSPICIOUS_MOVE = YES;
				CLANG_WARN_UNGUARDED_AVAILABILITY = YES_AGGRESSIVE;
				CLANG_WARN_UNREACHABLE_CODE = YES;
				CLANG_WARN__DUPLICATE_METHOD_MATCH = YES;
				CODE_SIGN_STYLE = Automatic;
				COPY_PHASE_STRIP = NO;
				CURRENT_PROJECT_VERSION = 9;
				DEBUG_INFORMATION_FORMAT = dwarf;
				DEVELOPMENT_TEAM = 3XLD352MG9;
				ENABLE_STRICT_OBJC_MSGSEND = YES;
				ENABLE_TESTABILITY = YES;
				GCC_C_LANGUAGE_STANDARD = gnu11;
				GCC_DYNAMIC_NO_PIC = NO;
				GCC_NO_COMMON_BLOCKS = YES;
				GCC_OPTIMIZATION_LEVEL = 0;
				GCC_PREPROCESSOR_DEFINITIONS = (
					"$(inherited)",
					"DEBUG=1",
				);
				GCC_WARN_64_TO_32_BIT_CONVERSION = YES;
				GCC_WARN_ABOUT_RETURN_TYPE = YES_ERROR;
				GCC_WARN_UNDECLARED_SELECTOR = YES;
				GCC_WARN_UNINITIALIZED_AUTOS = YES_AGGRESSIVE;
				GCC_WARN_UNUSED_FUNCTION = YES;
				GCC_WARN_UNUSED_VARIABLE = YES;
				IPHONEOS_DEPLOYMENT_TARGET = 18.0;
				MARKETING_VERSION = 0.1.0;
				MTL_ENABLE_DEBUG_INFO = INCLUDE_SOURCE;
				MTL_FAST_MATH = YES;
				ONLY_ACTIVE_ARCH = YES;
				PRODUCT_NAME = "$(TARGET_NAME)";
				SDKROOT = iphoneos;
				SWIFT_ACTIVE_COMPILATION_CONDITIONS = DEBUG;
				SWIFT_OPTIMIZATION_LEVEL = "-Onone";
				SWIFT_VERSION = 6.0;
			};
			name = Debug;
		};
		4E7889FA9B3F386269883030 /* Debug */ = {
			isa = XCBuildConfiguration;
			buildSettings = {
				ASSETCATALOG_COMPILER_APPICON_NAME = AppIcon;
				CODE_SIGN_ENTITLEMENTS = Overcoil/Overcoil.entitlements;
				CODE_SIGN_IDENTITY = "iPhone Developer";
				GENERATE_INFOPLIST_FILE = YES;
				INFOPLIST_FILE = Info.plist;
				INFOPLIST_KEY_CFBundleDisplayName = Overcoil;
				INFOPLIST_KEY_NSCameraUsageDescription = "Photograph your watch to save a timing reading or reference photo.";
				INFOPLIST_KEY_UILaunchScreen_Generation = YES;
				INFOPLIST_KEY_UISupportedInterfaceOrientations = UIInterfaceOrientationPortrait;
				INFOPLIST_KEY_UIUserInterfaceStyle = Light;
				LD_RUNPATH_SEARCH_PATHS = (
					"$(inherited)",
					"@executable_path/Frameworks",
				);
				OVERCOIL_SOURCE_REVISION = "local-xcode-build";
				PRODUCT_BUNDLE_IDENTIFIER = com.robbarry.overcoil;
				SDKROOT = iphoneos;
				SUPPORTS_MACCATALYST = NO;
				SUPPORTS_MAC_DESIGNED_FOR_IPHONE_IPAD = NO;
				SUPPORTS_XR_DESIGNED_FOR_IPHONE_IPAD = NO;
				TARGETED_DEVICE_FAMILY = 1;
			};
			name = Debug;
		};
		5F09E6D452959C3614F3C44A /* Release */ = {
			isa = XCBuildConfiguration;
			buildSettings = {
				ASSETCATALOG_COMPILER_APPICON_NAME = AppIcon;
				CODE_SIGN_ENTITLEMENTS = Overcoil/Overcoil.entitlements;
				CODE_SIGN_IDENTITY = "iPhone Developer";
				GENERATE_INFOPLIST_FILE = YES;
				INFOPLIST_FILE = Info.plist;
				INFOPLIST_KEY_CFBundleDisplayName = Overcoil;
				INFOPLIST_KEY_NSCameraUsageDescription = "Photograph your watch to save a timing reading or reference photo.";
				INFOPLIST_KEY_UILaunchScreen_Generation = YES;
				INFOPLIST_KEY_UISupportedInterfaceOrientations = UIInterfaceOrientationPortrait;
				INFOPLIST_KEY_UIUserInterfaceStyle = Light;
				LD_RUNPATH_SEARCH_PATHS = (
					"$(inherited)",
					"@executable_path/Frameworks",
				);
				OVERCOIL_SOURCE_REVISION = "local-xcode-build";
				PRODUCT_BUNDLE_IDENTIFIER = com.robbarry.overcoil;
				SDKROOT = iphoneos;
				SUPPORTS_MACCATALYST = NO;
				SUPPORTS_MAC_DESIGNED_FOR_IPHONE_IPAD = NO;
				SUPPORTS_XR_DESIGNED_FOR_IPHONE_IPAD = NO;
				TARGETED_DEVICE_FAMILY = 1;
			};
			name = Release;
		};
		9213044D23A89998F0443D1A /* Release */ = {
			isa = XCBuildConfiguration;
			buildSettings = {
				BUNDLE_LOADER = "$(TEST_HOST)";
				GENERATE_INFOPLIST_FILE = YES;
				LD_RUNPATH_SEARCH_PATHS = (
					"$(inherited)",
					"@executable_path/Frameworks",
					"@loader_path/Frameworks",
				);
				PRODUCT_BUNDLE_IDENTIFIER = com.robbarry.overcoil.uitests;
				SDKROOT = iphoneos;
				TARGETED_DEVICE_FAMILY = 1;
				TEST_TARGET_NAME = Overcoil;
			};
			name = Release;
		};
/* End XCBuildConfiguration section */

/* Begin XCConfigurationList section */
		7C44A8C92DF89DF8AA29D2D6 /* Build configuration list for PBXProject "Overcoil" */ = {
			isa = XCConfigurationList;
			buildConfigurations = (
				31E2F45E8EBCFF72900FC9C7 /* Debug */,
				10C2ADF540FE0ED4F0969386 /* Release */,
			);
			defaultConfigurationIsVisible = 0;
			defaultConfigurationName = Debug;
		};
		8B3FFE1AE14422D40EC6A2C6 /* Build configuration list for PBXNativeTarget "OvercoilUITests" */ = {
			isa = XCConfigurationList;
			buildConfigurations = (
				000ABA4714B21A053FBEF8CF /* Debug */,
				9213044D23A89998F0443D1A /* Release */,
			);
			defaultConfigurationIsVisible = 0;
			defaultConfigurationName = Debug;
		};
		FE6E0986BFFAD4B42C301573 /* Build configuration list for PBXNativeTarget "Overcoil" */ = {
			isa = XCConfigurationList;
			buildConfigurations = (
				4E7889FA9B3F386269883030 /* Debug */,
				5F09E6D452959C3614F3C44A /* Release */,
			);
			defaultConfigurationIsVisible = 0;
			defaultConfigurationName = Debug;
		};
/* End XCConfigurationList section */
	};
	rootObject = AFA6ED310A97D069E032F952 /* Project object */;
}
